// !$*UTF8*$!
{
	archiveVersion = 1;
	classes = {
	};
	objectVersion = 51;
	objects = {

/* Begin PBXBuildFile section */
		05AA56117F1897A9203A0576 /* Pods_Integrated.framework in Frameworks */ = {isa = PBXBuildFile; fileRef = 22AE184CFA8AA2DA26E3AB2C /* Pods_Integrated.framework */; };
		8B0C994E2291748900D913F9 /* UnitHelper.swift in Sources */ = {isa = PBXBuildFile; fileRef = 8B0C994D2291748900D913F9 /* UnitHelper.swift */; };
		8B0C995022917E1C00D913F9 /* ApiManager.swift in Sources */ = {isa = PBXBuildFile; fileRef = 8B0C994F22917E1C00D913F9 /* ApiManager.swift */; };
		8B0D77BF2292CD870027773E /* UIColor+Extension.swift in Sources */ = {isa = PBXBuildFile; fileRef = 8B0D77BE2292CD870027773E /* UIColor+Extension.swift */; };
		8B3D7CD2229BF2E800819D26 /* ic_close.png in Resources */ = {isa = PBXBuildFile; fileRef = 8B3D7CD1229BF2E800819D26 /* ic_close.png */; };
		8B496E8222A6B3A700234EEC /* LBZSpinner.swift in Sources */ = {isa = PBXBuildFile; fileRef = 8B496E8122A6B3A700234EEC /* LBZSpinner.swift */; };
		8B5006AB22A530CB00C7991C /* KNCirclePercentView.m in Sources */ = {isa = PBXBuildFile; fileRef = 8B5006A822A530CB00C7991C /* KNCirclePercentView.m */; };
		8B5006AC22A530CB00C7991C /* KNPercentLabel.m in Sources */ = {isa = PBXBuildFile; fileRef = 8B5006AA22A530CB00C7991C /* KNPercentLabel.m */; };
		8B50449D2292B968004F5DE5 /* DietaryManager.swift in Sources */ = {isa = PBXBuildFile; fileRef = 8B50449C2292B968004F5DE5 /* DietaryManager.swift */; };
		8B5EEABB22A61560007BEAF4 /* DALinedTextView.m in Sources */ = {isa = PBXBuildFile; fileRef = 8B5EEABA22A61560007BEAF4 /* DALinedTextView.m */; };
		8B616AD82292509100A20E1E /* NutrientCalculator.swift in Sources */ = {isa = PBXBuildFile; fileRef = 8B616AD72292509100A20E1E /* NutrientCalculator.swift */; };
		8B616ADA2292676400A20E1E /* Helper.swift in Sources */ = {isa = PBXBuildFile; fileRef = 8B616AD92292676400A20E1E /* Helper.swift */; };
		8B7B4004229645F900DA5657 /* ic_back.png in Resources */ = {isa = PBXBuildFile; fileRef = 8B7B4003229645F900DA5657 /* ic_back.png */; };
		8B874CC5228EEDD800C856D0 /* AppDelegate.swift in Sources */ = {isa = PBXBuildFile; fileRef = 8B874CC4228EEDD800C856D0 /* AppDelegate.swift */; };
		8B874CCC228EEDDA00C856D0 /* Assets.xcassets in Resources */ = {isa = PBXBuildFile; fileRef = 8B874CCB228EEDDA00C856D0 /* Assets.xcassets */; };
		8B874CCF228EEDDA00C856D0 /* LaunchScreen.storyboard in Resources */ = {isa = PBXBuildFile; fileRef = 8B874CCD228EEDDA00C856D0 /* LaunchScreen.storyboard */; };
		8BA2BBAB229022A000AFBB7D /* futura_condensed_bold.otf in Resources */ = {isa = PBXBuildFile; fileRef = 8BA2BB88229022A000AFBB7D /* futura_condensed_bold.otf */; };
		8BA2BBAC229022A000AFBB7D /* futura_condensed_regular.ttf in Resources */ = {isa = PBXBuildFile; fileRef = 8BA2BB89229022A000AFBB7D /* futura_condensed_regular.ttf */; };
		8BA2BBAD229022A000AFBB7D /* background.png in Resources */ = {isa = PBXBuildFile; fileRef = 8BA2BB8B229022A000AFBB7D /* background.png */; };
		8BA2BBAE229022A000AFBB7D /* blank_avatar.png in Resources */ = {isa = PBXBuildFile; fileRef = 8BA2BB8C229022A000AFBB7D /* blank_avatar.png */; };
		8BA2BBAF229022A000AFBB7D /* bottom_home_btn.png in Resources */ = {isa = PBXBuildFile; fileRef = 8BA2BB8D229022A000AFBB7D /* bottom_home_btn.png */; };
		8BA2BBB0229022A000AFBB7D /* btn_add.png in Resources */ = {isa = PBXBuildFile; fileRef = 8BA2BB8E229022A000AFBB7D /* btn_add.png */; };
		8BA2BBB1229022A000AFBB7D /* btn_check.png in Resources */ = {isa = PBXBuildFile; fileRef = 8BA2BB8F229022A000AFBB7D /* btn_check.png */; };
		8BA2BBB2229022A000AFBB7D /* btn_next.png in Resources */ = {isa = PBXBuildFile; fileRef = 8BA2BB90229022A000AFBB7D /* btn_next.png */; };
		8BA2BBB3229022A000AFBB7D /* btn_pause.png in Resources */ = {isa = PBXBuildFile; fileRef = 8BA2BB91229022A000AFBB7D /* btn_pause.png */; };
		8BA2BBB4229022A000AFBB7D /* btn_play.png in Resources */ = {isa = PBXBuildFile; fileRef = 8BA2BB92229022A000AFBB7D /* btn_play.png */; };
		8BA2BBB5229022A000AFBB7D /* btn_prev.png in Resources */ = {isa = PBXBuildFile; fileRef = 8BA2BB93229022A000AFBB7D /* btn_prev.png */; };
		8BA2BBB6229022A000AFBB7D /* btn_transparent.png in Resources */ = {isa = PBXBuildFile; fileRef = 8BA2BB94229022A000AFBB7D /* btn_transparent.png */; };
		8BA2BBB7229022A000AFBB7D /* calendar.png in Resources */ = {isa = PBXBuildFile; fileRef = 8BA2BB95229022A000AFBB7D /* calendar.png */; };
		8BA2BBB8229022A000AFBB7D /* daily_reflection.png in Resources */ = {isa = PBXBuildFile; fileRef = 8BA2BB96229022A000AFBB7D /* daily_reflection.png */; };
		8BA2BBB9229022A000AFBB7D /* delete.png in Resources */ = {isa = PBXBuildFile; fileRef = 8BA2BB97229022A000AFBB7D /* delete.png */; };
		8BA2BBBA229022A000AFBB7D /* dietary_journal.png in Resources */ = {isa = PBXBuildFile; fileRef = 8BA2BB98229022A000AFBB7D /* dietary_journal.png */; };
		8BA2BBBB229022A000AFBB7D /* empty_btn.png in Resources */ = {isa = PBXBuildFile; fileRef = 8BA2BB99229022A000AFBB7D /* empty_btn.png */; };
		8BA2BBBC229022A000AFBB7D /* empty_food.png in Resources */ = {isa = PBXBuildFile; fileRef = 8BA2BB9A229022A000AFBB7D /* empty_food.png */; };
		8BA2BBBD229022A000AFBB7D /* fire.png in Resources */ = {isa = PBXBuildFile; fileRef = 8BA2BB9B229022A000AFBB7D /* fire.png */; };
		8BA2BBBE229022A000AFBB7D /* home_add_food.png in Resources */ = {isa = PBXBuildFile; fileRef = 8BA2BB9C229022A000AFBB7D /* home_add_food.png */; };
		8BA2BBBF229022A000AFBB7D /* home_meditation.png in Resources */ = {isa = PBXBuildFile; fileRef = 8BA2BB9D229022A000AFBB7D /* home_meditation.png */; };
		8BA2BBC0229022A000AFBB7D /* home_menu_background.png in Resources */ = {isa = PBXBuildFile; fileRef = 8BA2BB9E229022A000AFBB7D /* home_menu_background.png */; };
		8BA2BBC1229022A000AFBB7D /* home_profile.png in Resources */ = {isa = PBXBuildFile; fileRef = 8BA2BB9F229022A000AFBB7D /* home_profile.png */; };
		8BA2BBC2229022A000AFBB7D /* home_workout.png in Resources */ = {isa = PBXBuildFile; fileRef = 8BA2BBA0229022A000AFBB7D /* home_workout.png */; };
		8BA2BBC3229022A000AFBB7D /* home_yoga.png in Resources */ = {isa = PBXBuildFile; fileRef = 8BA2BBA1229022A000AFBB7D /* home_yoga.png */; };
		8BA2BBC4229022A000AFBB7D /* ic_target.png in Resources */ = {isa = PBXBuildFile; fileRef = 8BA2BBA2229022A000AFBB7D /* ic_target.png */; };
		8BA2BBC5229022A000AFBB7D /* ico_barcode.png in Resources */ = {isa = PBXBuildFile; fileRef = 8BA2BBA3229022A000AFBB7D /* ico_barcode.png */; };
		8BA2BBC6229022A000AFBB7D /* meditation.png in Resources */ = {isa = PBXBuildFile; fileRef = 8BA2BBA4229022A000AFBB7D /* meditation.png */; };
		8BA2BBC7229022A000AFBB7D /* menu.png in Resources */ = {isa = PBXBuildFile; fileRef = 8BA2BBA5229022A000AFBB7D /* menu.png */; };
		8BA2BBC8229022A000AFBB7D /* nutrition_statistics.png in Resources */ = {isa = PBXBuildFile; fileRef = 8BA2BBA6229022A000AFBB7D /* nutrition_statistics.png */; };
		8BA2BBC9229022A000AFBB7D /* play.png in Resources */ = {isa = PBXBuildFile; fileRef = 8BA2BBA7229022A000AFBB7D /* play.png */; };
		8BA2BBCA229022A000AFBB7D /* progress_tracker.png in Resources */ = {isa = PBXBuildFile; fileRef = 8BA2BBA8229022A000AFBB7D /* progress_tracker.png */; };
		8BA2BBCB229022A000AFBB7D /* warrior.png in Resources */ = {isa = PBXBuildFile; fileRef = 8BA2BBA9229022A000AFBB7D /* warrior.png */; };
		8BA2BBCC229022A000AFBB7D /* weight.png in Resources */ = {isa = PBXBuildFile; fileRef = 8BA2BBAA229022A000AFBB7D /* weight.png */; };
		8BF550AE22C25A5F004E9D93 /* Main.storyboard in Resources */ = {isa = PBXBuildFile; fileRef = 8BF550AD22C25A5F004E9D93 /* Main.storyboard */; };
		8BF550B022C25C93004E9D93 /* bg.jpg in Resources */ = {isa = PBXBuildFile; fileRef = 8BF550AF22C25C93004E9D93 /* bg.jpg */; };
		8BF550B522C2811A004E9D93 /* Food.swift in Sources */ = {isa = PBXBuildFile; fileRef = 8BF550B422C2811A004E9D93 /* Food.swift */; };
		8BF550B722C286F6004E9D93 /* HelpViewController.swift in Sources */ = {isa = PBXBuildFile; fileRef = 8BF550B622C286F6004E9D93 /* HelpViewController.swift */; };
		8BF550B922C28C0B004E9D93 /* HomeViewController.swift in Sources */ = {isa = PBXBuildFile; fileRef = 8BF550B822C28C0B004E9D93 /* HomeViewController.swift */; };
		8BF550BB22C2900C004E9D93 /* GraphViewController.swift in Sources */ = {isa = PBXBuildFile; fileRef = 8BF550BA22C2900C004E9D93 /* GraphViewController.swift */; };
		8BFA80E92292FE9400F424A6 /* DateHelper.swift in Sources */ = {isa = PBXBuildFile; fileRef = 8BFA80E82292FE9400F424A6 /* DateHelper.swift */; };
		8BFA80FA2293147D00F424A6 /* CustomButton.swift in Sources */ = {isa = PBXBuildFile; fileRef = 8BFA80F92293147D00F424A6 /* CustomButton.swift */; };
		8BFA80FC229317B000F424A6 /* RoundTextField.swift in Sources */ = {isa = PBXBuildFile; fileRef = 8BFA80FB229317B000F424A6 /* RoundTextField.swift */; };
/* End PBXBuildFile section */

/* Begin PBXFileReference section */
		22AE184CFA8AA2DA26E3AB2C /* Pods_Integrated.framework */ = {isa = PBXFileReference; explicitFileType = wrapper.framework; includeInIndex = 0; path = Pods_Integrated.framework; sourceTree = BUILT_PRODUCTS_DIR; };
		55ADAFBB74D147837D293079 /* Pods-Integrated.release.xcconfig */ = {isa = PBXFileReference; includeInIndex = 1; lastKnownFileType = text.xcconfig; name = "Pods-Integrated.release.xcconfig"; path = "Target Support Files/Pods-Integrated/Pods-Integrated.release.xcconfig"; sourceTree = "<group>"; };
		69F4D375044529081DD05892 /* Pods-Integrated.debug.xcconfig */ = {isa = PBXFileReference; includeInIndex = 1; lastKnownFileType = text.xcconfig; name = "Pods-Integrated.debug.xcconfig"; path = "Target Support Files/Pods-Integrated/Pods-Integrated.debug.xcconfig"; sourceTree = "<group>"; };
		8B0C994D2291748900D913F9 /* UnitHelper.swift */ = {isa = PBXFileReference; lastKnownFileType = sourcecode.swift; path = UnitHelper.swift; sourceTree = "<group>"; };
		8B0C994F22917E1C00D913F9 /* ApiManager.swift */ = {isa = PBXFileReference; lastKnownFileType = sourcecode.swift; path = ApiManager.swift; sourceTree = "<group>"; };
		8B0D77BE2292CD870027773E /* UIColor+Extension.swift */ = {isa = PBXFileReference; lastKnownFileType = sourcecode.swift; path = "UIColor+Extension.swift"; sourceTree = "<group>"; };
		8B3D7CD1229BF2E800819D26 /* ic_close.png */ = {isa = PBXFileReference; lastKnownFileType = image.png; path = ic_close.png; sourceTree = "<group>"; };
		8B496E8122A6B3A700234EEC /* LBZSpinner.swift */ = {isa = PBXFileReference; fileEncoding = 4; lastKnownFileType = sourcecode.swift; path = LBZSpinner.swift; sourceTree = "<group>"; };
		8B5006A722A530CB00C7991C /* KNCirclePercentView.h */ = {isa = PBXFileReference; fileEncoding = 4; lastKnownFileType = sourcecode.c.h; path = KNCirclePercentView.h; sourceTree = "<group>"; };
		8B5006A822A530CB00C7991C /* KNCirclePercentView.m */ = {isa = PBXFileReference; fileEncoding = 4; lastKnownFileType = sourcecode.c.objc; path = KNCirclePercentView.m; sourceTree = "<group>"; };
		8B5006A922A530CB00C7991C /* KNPercentLabel.h */ = {isa = PBXFileReference; fileEncoding = 4; lastKnownFileType = sourcecode.c.h; path = KNPercentLabel.h; sourceTree = "<group>"; };
		8B5006AA22A530CB00C7991C /* KNPercentLabel.m */ = {isa = PBXFileReference; fileEncoding = 4; lastKnownFileType = sourcecode.c.objc; path = KNPercentLabel.m; sourceTree = "<group>"; };
		8B50449C2292B968004F5DE5 /* DietaryManager.swift */ = {isa = PBXFileReference; lastKnownFileType = sourcecode.swift; path = DietaryManager.swift; sourceTree = "<group>"; };
		8B51733F22A57C2D00755179 /* Integrated-Bridging-Header.h */ = {isa = PBXFileReference; lastKnownFileType = sourcecode.c.h; path = "Integrated-Bridging-Header.h"; sourceTree = "<group>"; };
		8B5EEAB922A61560007BEAF4 /* DALinedTextView.h */ = {isa = PBXFileReference; fileEncoding = 4; lastKnownFileType = sourcecode.c.h; path = DALinedTextView.h; sourceTree = "<group>"; };
		8B5EEABA22A61560007BEAF4 /* DALinedTextView.m */ = {isa = PBXFileReference; fileEncoding = 4; lastKnownFileType = sourcecode.c.objc; path = DALinedTextView.m; sourceTree = "<group>"; };
		8B616AD72292509100A20E1E /* NutrientCalculator.swift */ = {isa = PBXFileReference; lastKnownFileType = sourcecode.swift; path = NutrientCalculator.swift; sourceTree = "<group>"; };
		8B616AD92292676400A20E1E /* Helper.swift */ = {isa = PBXFileReference; fileEncoding = 4; lastKnownFileType = sourcecode.swift; path = Helper.swift; sourceTree = "<group>"; };
		8B7B4003229645F900DA5657 /* ic_back.png */ = {isa = PBXFileReference; lastKnownFileType = image.png; path = ic_back.png; sourceTree = "<group>"; };
		8B874CC1228EEDD800C856D0 /* Integrated.app */ = {isa = PBXFileReference; explicitFileType = wrapper.application; includeInIndex = 0; path = Integrated.app; sourceTree = BUILT_PRODUCTS_DIR; };
		8B874CC4228EEDD800C856D0 /* AppDelegate.swift */ = {isa = PBXFileReference; lastKnownFileType = sourcecode.swift; path = AppDelegate.swift; sourceTree = "<group>"; };
		8B874CCB228EEDDA00C856D0 /* Assets.xcassets */ = {isa = PBXFileReference; lastKnownFileType = folder.assetcatalog; path = Assets.xcassets; sourceTree = "<group>"; };
		8B874CCE228EEDDA00C856D0 /* Base */ = {isa = PBXFileReference; lastKnownFileType = file.storyboard; name = Base; path = Base.lproj/LaunchScreen.storyboard; sourceTree = "<group>"; };
		8B874CD0228EEDDA00C856D0 /* Info.plist */ = {isa = PBXFileReference; lastKnownFileType = text.plist.xml; path = Info.plist; sourceTree = "<group>"; };
		8BA2BB88229022A000AFBB7D /* futura_condensed_bold.otf */ = {isa = PBXFileReference; lastKnownFileType = file; path = futura_condensed_bold.otf; sourceTree = "<group>"; };
		8BA2BB89229022A000AFBB7D /* futura_condensed_regular.ttf */ = {isa = PBXFileReference; lastKnownFileType = file; path = futura_condensed_regular.ttf; sourceTree = "<group>"; };
		8BA2BB8B229022A000AFBB7D /* background.png */ = {isa = PBXFileReference; lastKnownFileType = image.png; path = background.png; sourceTree = "<group>"; };
		8BA2BB8C229022A000AFBB7D /* blank_avatar.png */ = {isa = PBXFileReference; lastKnownFileType = image.png; path = blank_avatar.png; sourceTree = "<group>"; };
		8BA2BB8D229022A000AFBB7D /* bottom_home_btn.png */ = {isa = PBXFileReference; lastKnownFileType = image.png; path = bottom_home_btn.png; sourceTree = "<group>"; };
		8BA2BB8E229022A000AFBB7D /* btn_add.png */ = {isa = PBXFileReference; lastKnownFileType = image.png; path = btn_add.png; sourceTree = "<group>"; };
		8BA2BB8F229022A000AFBB7D /* btn_check.png */ = {isa = PBXFileReference; lastKnownFileType = image.png; path = btn_check.png; sourceTree = "<group>"; };
		8BA2BB90229022A000AFBB7D /* btn_next.png */ = {isa = PBXFileReference; lastKnownFileType = image.png; path = btn_next.png; sourceTree = "<group>"; };
		8BA2BB91229022A000AFBB7D /* btn_pause.png */ = {isa = PBXFileReference; lastKnownFileType = image.png; path = btn_pause.png; sourceTree = "<group>"; };
		8BA2BB92229022A000AFBB7D /* btn_play.png */ = {isa = PBXFileReference; lastKnownFileType = image.png; path = btn_play.png; sourceTree = "<group>"; };
		8BA2BB93229022A000AFBB7D /* btn_prev.png */ = {isa = PBXFileReference; lastKnownFileType = image.png; path = btn_prev.png; sourceTree = "<group>"; };
		8BA2BB94229022A000AFBB7D /* btn_transparent.png */ = {isa = PBXFileReference; lastKnownFileType = image.png; path = btn_transparent.png; sourceTree = "<group>"; };
		8BA2BB95229022A000AFBB7D /* calendar.png */ = {isa = PBXFileReference; lastKnownFileType = image.png; path = calendar.png; sourceTree = "<group>"; };
		8BA2BB96229022A000AFBB7D /* daily_reflection.png */ = {isa = PBXFileReference; lastKnownFileType = image.png; path = daily_reflection.png; sourceTree = "<group>"; };
		8BA2BB97229022A000AFBB7D /* delete.png */ = {isa = PBXFileReference; lastKnownFileType = image.png; path = delete.png; sourceTree = "<group>"; };
		8BA2BB98229022A000AFBB7D /* dietary_journal.png */ = {isa = PBXFileReference; lastKnownFileType = image.png; path = dietary_journal.png; sourceTree = "<group>"; };
		8BA2BB99229022A000AFBB7D /* empty_btn.png */ = {isa = PBXFileReference; lastKnownFileType = image.png; path = empty_btn.png; sourceTree = "<group>"; };
		8BA2BB9A229022A000AFBB7D /* empty_food.png */ = {isa = PBXFileReference; lastKnownFileType = image.png; path = empty_food.png; sourceTree = "<group>"; };
		8BA2BB9B229022A000AFBB7D /* fire.png */ = {isa = PBXFileReference; lastKnownFileType = image.png; path = fire.png; sourceTree = "<group>"; };
		8BA2BB9C229022A000AFBB7D /* home_add_food.png */ = {isa = PBXFileReference; lastKnownFileType = image.png; path = home_add_food.png; sourceTree = "<group>"; };
		8BA2BB9D229022A000AFBB7D /* home_meditation.png */ = {isa = PBXFileReference; lastKnownFileType = image.png; path = home_meditation.png; sourceTree = "<group>"; };
		8BA2BB9E229022A000AFBB7D /* home_menu_background.png */ = {isa = PBXFileReference; lastKnownFileType = image.png; path = home_menu_background.png; sourceTree = "<group>"; };
		8BA2BB9F229022A000AFBB7D /* home_profile.png */ = {isa = PBXFileReference; lastKnownFileType = image.png; path = home_profile.png; sourceTree = "<group>"; };
		8BA2BBA0229022A000AFBB7D /* home_workout.png */ = {isa = PBXFileReference; lastKnownFileType = image.png; path = home_workout.png; sourceTree = "<group>"; };
		8BA2BBA1229022A000AFBB7D /* home_yoga.png */ = {isa = PBXFileReference; lastKnownFileType = image.png; path = home_yoga.png; sourceTree = "<group>"; };
		8BA2BBA2229022A000AFBB7D /* ic_target.png */ = {isa = PBXFileReference; lastKnownFileType = image.png; path = ic_target.png; sourceTree = "<group>"; };
		8BA2BBA3229022A000AFBB7D /* ico_barcode.png */ = {isa = PBXFileReference; lastKnownFileType = image.png; path = ico_barcode.png; sourceTree = "<group>"; };
		8BA2BBA4229022A000AFBB7D /* meditation.png */ = {isa = PBXFileReference; lastKnownFileType = image.png; path = meditation.png; sourceTree = "<group>"; };
		8BA2BBA5229022A000AFBB7D /* menu.png */ = {isa = PBXFileReference; lastKnownFileType = image.png; path = menu.png; sourceTree = "<group>"; };
		8BA2BBA6229022A000AFBB7D /* nutrition_statistics.png */ = {isa = PBXFileReference; lastKnownFileType = image.png; path = nutrition_statistics.png; sourceTree = "<group>"; };
		8BA2BBA7229022A000AFBB7D /* play.png */ = {isa = PBXFileReference; lastKnownFileType = image.png; path = play.png; sourceTree = "<group>"; };
		8BA2BBA8229022A000AFBB7D /* progress_tracker.png */ = {isa = PBXFileReference; lastKnownFileType = image.png; path = progress_tracker.png; sourceTree = "<group>"; };
		8BA2BBA9229022A000AFBB7D /* warrior.png */ = {isa = PBXFileReference; lastKnownFileType = image.png; path = warrior.png; sourceTree = "<group>"; };
		8BA2BBAA229022A000AFBB7D /* weight.png */ = {isa = PBXFileReference; lastKnownFileType = image.png; path = weight.png; sourceTree = "<group>"; };
		8BC78BE222C304CC00A0D6AC /* Integrated.entitlements */ = {isa = PBXFileReference; lastKnownFileType = text.plist.entitlements; path = Integrated.entitlements; sourceTree = "<group>"; };
		8BF550AD22C25A5F004E9D93 /* Main.storyboard */ = {isa = PBXFileReference; lastKnownFileType = file.storyboard; path = Main.storyboard; sourceTree = "<group>"; };
		8BF550AF22C25C93004E9D93 /* bg.jpg */ = {isa = PBXFileReference; lastKnownFileType = image.jpeg; path = bg.jpg; sourceTree = "<group>"; };
		8BF550B422C2811A004E9D93 /* Food.swift */ = {isa = PBXFileReference; lastKnownFileType = sourcecode.swift; path = Food.swift; sourceTree = "<group>"; };
		8BF550B622C286F6004E9D93 /* HelpViewController.swift */ = {isa = PBXFileReference; lastKnownFileType = sourcecode.swift; path = HelpViewController.swift; sourceTree = "<group>"; };
		8BF550B822C28C0B004E9D93 /* HomeViewController.swift */ = {isa = PBXFileReference; lastKnownFileType = sourcecode.swift; path = HomeViewController.swift; sourceTree = "<group>"; };
		8BF550BA22C2900C004E9D93 /* GraphViewController.swift */ = {isa = PBXFileReference; lastKnownFileType = sourcecode.swift; path = GraphViewController.swift; sourceTree = "<group>"; };
		8BFA80E82292FE9400F424A6 /* DateHelper.swift */ = {isa = PBXFileReference; lastKnownFileType = sourcecode.swift; path = DateHelper.swift; sourceTree = "<group>"; };
		8BFA80F92293147D00F424A6 /* CustomButton.swift */ = {isa = PBXFileReference; lastKnownFileType = sourcecode.swift; path = CustomButton.swift; sourceTree = "<group>"; };
		8BFA80FB229317B000F424A6 /* RoundTextField.swift */ = {isa = PBXFileReference; lastKnownFileType = sourcecode.swift; path = RoundTextField.swift; sourceTree = "<group>"; };
/* End PBXFileReference section */

/* Begin PBXFrameworksBuildPhase section */
		8B874CBE228EEDD800C856D0 /* Frameworks */ = {
			isa = PBXFrameworksBuildPhase;
			buildActionMask = 2147483647;
			files = (
				05AA56117F1897A9203A0576 /* Pods_Integrated.framework in Frameworks */,
			);
			runOnlyForDeploymentPostprocessing = 0;
		};
/* End PBXFrameworksBuildPhase section */

/* Begin PBXGroup section */
		2E3F944613BBDDFB7932DFA8 /* Frameworks */ = {
			isa = PBXGroup;
			children = (
				22AE184CFA8AA2DA26E3AB2C /* Pods_Integrated.framework */,
			);
			name = Frameworks;
			sourceTree = "<group>";
		};
		3CE6522D7241CDF0C9F8B652 /* Pods */ = {
			isa = PBXGroup;
			children = (
				69F4D375044529081DD05892 /* Pods-Integrated.debug.xcconfig */,
				55ADAFBB74D147837D293079 /* Pods-Integrated.release.xcconfig */,
			);
			path = Pods;
			sourceTree = "<group>";
		};
		8B0C994022916AF500D913F9 /* Engine */ = {
			isa = PBXGroup;
			children = (
				8B0C994F22917E1C00D913F9 /* ApiManager.swift */,
				8BFA80E82292FE9400F424A6 /* DateHelper.swift */,
				8B616AD92292676400A20E1E /* Helper.swift */,
				8B0D77BE2292CD870027773E /* UIColor+Extension.swift */,
				8B0C994D2291748900D913F9 /* UnitHelper.swift */,
				8B0C994222916AF500D913F9 /* Dietary */,
			);
			path = Engine;
			sourceTree = "<group>";
		};
		8B0C994222916AF500D913F9 /* Dietary */ = {
			isa = PBXGroup;
			children = (
				8B616AD72292509100A20E1E /* NutrientCalculator.swift */,
				8B50449C2292B968004F5DE5 /* DietaryManager.swift */,
				8BF550B422C2811A004E9D93 /* Food.swift */,
			);
			path = Dietary;
			sourceTree = "<group>";
		};
		8B37FC07228FF32200E8504F /* ViewController */ = {
			isa = PBXGroup;
			children = (
				8BF550B622C286F6004E9D93 /* HelpViewController.swift */,
				8BF550B822C28C0B004E9D93 /* HomeViewController.swift */,
				8BF550BA22C2900C004E9D93 /* GraphViewController.swift */,
			);
			path = ViewController;
			sourceTree = "<group>";
		};
		8B5006A622A530CB00C7991C /* KNCirclePercentView */ = {
			isa = PBXGroup;
			children = (
				8B5006A722A530CB00C7991C /* KNCirclePercentView.h */,
				8B5006A822A530CB00C7991C /* KNCirclePercentView.m */,
				8B5006A922A530CB00C7991C /* KNPercentLabel.h */,
				8B5006AA22A530CB00C7991C /* KNPercentLabel.m */,
			);
			path = KNCirclePercentView;
			sourceTree = "<group>";
		};
		8B5EEAB822A61560007BEAF4 /* DALinedTextView */ = {
			isa = PBXGroup;
			children = (
				8B5EEAB922A61560007BEAF4 /* DALinedTextView.h */,
				8B5EEABA22A61560007BEAF4 /* DALinedTextView.m */,
			);
			path = DALinedTextView;
			sourceTree = "<group>";
		};
		8B874CB8228EEDD800C856D0 = {
			isa = PBXGroup;
			children = (
				8B874CC3228EEDD800C856D0 /* Integrated */,
				8B874CC2228EEDD800C856D0 /* Products */,
				3CE6522D7241CDF0C9F8B652 /* Pods */,
				2E3F944613BBDDFB7932DFA8 /* Frameworks */,
			);
			sourceTree = "<group>";
		};
		8B874CC2228EEDD800C856D0 /* Products */ = {
			isa = PBXGroup;
			children = (
				8B874CC1228EEDD800C856D0 /* Integrated.app */,
			);
			name = Products;
			sourceTree = "<group>";
		};
		8B874CC3228EEDD800C856D0 /* Integrated */ = {
			isa = PBXGroup;
			children = (
				8BC78BE222C304CC00A0D6AC /* Integrated.entitlements */,
				8B0C994022916AF500D913F9 /* Engine */,
				8BFA80F82293146700F424A6 /* View */,
				8B37FC07228FF32200E8504F /* ViewController */,
				8BA2BB86229022A000AFBB7D /* Resource */,
				8B874CD0228EEDDA00C856D0 /* Info.plist */,
				8B874CC4228EEDD800C856D0 /* AppDelegate.swift */,
				8B874CCB228EEDDA00C856D0 /* Assets.xcassets */,
				8B874CCD228EEDDA00C856D0 /* LaunchScreen.storyboard */,
				8BF550AD22C25A5F004E9D93 /* Main.storyboard */,
				8B51733F22A57C2D00755179 /* Integrated-Bridging-Header.h */,
			);
			path = Integrated;
			sourceTree = "<group>";
		};
		8BA2BB86229022A000AFBB7D /* Resource */ = {
			isa = PBXGroup;
			children = (
				8BA2BB87229022A000AFBB7D /* Font */,
				8BA2BB8A229022A000AFBB7D /* Image */,
			);
			path = Resource;
			sourceTree = "<group>";
		};
		8BA2BB87229022A000AFBB7D /* Font */ = {
			isa = PBXGroup;
			children = (
				8BA2BB88229022A000AFBB7D /* futura_condensed_bold.otf */,
				8BA2BB89229022A000AFBB7D /* futura_condensed_regular.ttf */,
			);
			path = Font;
			sourceTree = "<group>";
		};
		8BA2BB8A229022A000AFBB7D /* Image */ = {
			isa = PBXGroup;
			children = (
				8BF550AF22C25C93004E9D93 /* bg.jpg */,
				8B3D7CD1229BF2E800819D26 /* ic_close.png */,
				8B7B4003229645F900DA5657 /* ic_back.png */,
				8BA2BB8B229022A000AFBB7D /* background.png */,
				8BA2BB8C229022A000AFBB7D /* blank_avatar.png */,
				8BA2BB8D229022A000AFBB7D /* bottom_home_btn.png */,
				8BA2BB8E229022A000AFBB7D /* btn_add.png */,
				8BA2BB8F229022A000AFBB7D /* btn_check.png */,
				8BA2BB90229022A000AFBB7D /* btn_next.png */,
				8BA2BB91229022A000AFBB7D /* btn_pause.png */,
				8BA2BB92229022A000AFBB7D /* btn_play.png */,
				8BA2BB93229022A000AFBB7D /* btn_prev.png */,
				8BA2BB94229022A000AFBB7D /* btn_transparent.png */,
				8BA2BB95229022A000AFBB7D /* calendar.png */,
				8BA2BB96229022A000AFBB7D /* daily_reflection.png */,
				8BA2BB97229022A000AFBB7D /* delete.png */,
				8BA2BB98229022A000AFBB7D /* dietary_journal.png */,
				8BA2BB99229022A000AFBB7D /* empty_btn.png */,
				8BA2BB9A229022A000AFBB7D /* empty_food.png */,
				8BA2BB9B229022A000AFBB7D /* fire.png */,
				8BA2BB9C229022A000AFBB7D /* home_add_food.png */,
				8BA2BB9D229022A000AFBB7D /* home_meditation.png */,
				8BA2BB9E229022A000AFBB7D /* home_menu_background.png */,
				8BA2BB9F229022A000AFBB7D /* home_profile.png */,
				8BA2BBA0229022A000AFBB7D /* home_workout.png */,
				8BA2BBA1229022A000AFBB7D /* home_yoga.png */,
				8BA2BBA2229022A000AFBB7D /* ic_target.png */,
				8BA2BBA3229022A000AFBB7D /* ico_barcode.png */,
				8BA2BBA4229022A000AFBB7D /* meditation.png */,
				8BA2BBA5229022A000AFBB7D /* menu.png */,
				8BA2BBA6229022A000AFBB7D /* nutrition_statistics.png */,
				8BA2BBA7229022A000AFBB7D /* play.png */,
				8BA2BBA8229022A000AFBB7D /* progress_tracker.png */,
				8BA2BBA9229022A000AFBB7D /* warrior.png */,
				8BA2BBAA229022A000AFBB7D /* weight.png */,
			);
			path = Image;
			sourceTree = "<group>";
		};
		8BFA80F82293146700F424A6 /* View */ = {
			isa = PBXGroup;
			children = (
				8BFA80F92293147D00F424A6 /* CustomButton.swift */,
				8B5EEAB822A61560007BEAF4 /* DALinedTextView */,
				8B5006A622A530CB00C7991C /* KNCirclePercentView */,
				8B496E8122A6B3A700234EEC /* LBZSpinner.swift */,
				8BFA80FB229317B000F424A6 /* RoundTextField.swift */,
			);
			path = View;
			sourceTree = "<group>";
		};
/* End PBXGroup section */

/* Begin PBXNativeTarget section */
		8B874CC0228EEDD800C856D0 /* Integrated */ = {
			isa = PBXNativeTarget;
			buildConfigurationList = 8B874CD3228EEDDA00C856D0 /* Build configuration list for PBXNativeTarget "Integrated" */;
			buildPhases = (
				2809D5A48F32ADC1672DA498 /* [CP] Check Pods Manifest.lock */,
				8B874CBD228EEDD800C856D0 /* Sources */,
				8B874CBE228EEDD800C856D0 /* Frameworks */,
				8B874CBF228EEDD800C856D0 /* Resources */,
				94692705943325275932A58B /* [CP] Embed Pods Frameworks */,
			);
			buildRules = (
			);
			dependencies = (
			);
			name = Integrated;
			productName = Integrated;
			productReference = 8B874CC1228EEDD800C856D0 /* Integrated.app */;
			productType = "com.apple.product-type.application";
		};
/* End PBXNativeTarget section */

/* Begin PBXProject section */
		8B874CB9228EEDD800C856D0 /* Project object */ = {
			isa = PBXProject;
			attributes = {
				LastSwiftUpdateCheck = 1020;
				LastUpgradeCheck = 1020;
				ORGANIZATIONNAME = developer;
				TargetAttributes = {
					8B874CC0228EEDD800C856D0 = {
						CreatedOnToolsVersion = 10.2.1;
						SystemCapabilities = {
							com.apple.Push = {
								enabled = 0;
							};
						};
					};
				};
			};
			buildConfigurationList = 8B874CBC228EEDD800C856D0 /* Build configuration list for PBXProject "Integrated" */;
			compatibilityVersion = "Xcode 9.3";
			developmentRegion = en;
			hasScannedForEncodings = 0;
			knownRegions = (
				en,
				Base,
			);
			mainGroup = 8B874CB8228EEDD800C856D0;
			productRefGroup = 8B874CC2228EEDD800C856D0 /* Products */;
			projectDirPath = "";
			projectRoot = "";
			targets = (
				8B874CC0228EEDD800C856D0 /* Integrated */,
			);
		};
/* End PBXProject section */

/* Begin PBXResourcesBuildPhase section */
		8B874CBF228EEDD800C856D0 /* Resources */ = {
			isa = PBXResourcesBuildPhase;
			buildActionMask = 2147483647;
			files = (
				8BA2BBC4229022A000AFBB7D /* ic_target.png in Resources */,
				8BA2BBC9229022A000AFBB7D /* play.png in Resources */,
				8BA2BBC0229022A000AFBB7D /* home_menu_background.png in Resources */,
				8B874CCF228EEDDA00C856D0 /* LaunchScreen.storyboard in Resources */,
				8B3D7CD2229BF2E800819D26 /* ic_close.png in Resources */,
				8BA2BBC8229022A000AFBB7D /* nutrition_statistics.png in Resources */,
				8BA2BBB8229022A000AFBB7D /* daily_reflection.png in Resources */,
				8BA2BBAD229022A000AFBB7D /* background.png in Resources */,
				8BA2BBC3229022A000AFBB7D /* home_yoga.png in Resources */,
				8B7B4004229645F900DA5657 /* ic_back.png in Resources */,
				8BA2BBAB229022A000AFBB7D /* futura_condensed_bold.otf in Resources */,
				8BA2BBB5229022A000AFBB7D /* btn_prev.png in Resources */,
				8BA2BBB4229022A000AFBB7D /* btn_play.png in Resources */,
				8BA2BBC2229022A000AFBB7D /* home_workout.png in Resources */,
				8BA2BBB6229022A000AFBB7D /* btn_transparent.png in Resources */,
				8BA2BBBA229022A000AFBB7D /* dietary_journal.png in Resources */,
				8BA2BBB2229022A000AFBB7D /* btn_next.png in Resources */,
				8BA2BBBE229022A000AFBB7D /* home_add_food.png in Resources */,
				8BA2BBB1229022A000AFBB7D /* btn_check.png in Resources */,
				8BA2BBAC229022A000AFBB7D /* futura_condensed_regular.ttf in Resources */,
				8BA2BBCA229022A000AFBB7D /* progress_tracker.png in Resources */,
				8BA2BBC7229022A000AFBB7D /* menu.png in Resources */,
				8BA2BBBF229022A000AFBB7D /* home_meditation.png in Resources */,
				8BA2BBB7229022A000AFBB7D /* calendar.png in Resources */,
				8B874CCC228EEDDA00C856D0 /* Assets.xcassets in Resources */,
				8BA2BBB9229022A000AFBB7D /* delete.png in Resources */,
				8BA2BBBC229022A000AFBB7D /* empty_food.png in Resources */,
				8BA2BBBD229022A000AFBB7D /* fire.png in Resources */,
				8BA2BBB0229022A000AFBB7D /* btn_add.png in Resources */,
				8BA2BBC5229022A000AFBB7D /* ico_barcode.png in Resources */,
				8BA2BBB3229022A000AFBB7D /* btn_pause.png in Resources */,
				8BA2BBC1229022A000AFBB7D /* home_profile.png in Resources */,
				8BF550AE22C25A5F004E9D93 /* Main.storyboard in Resources */,
				8BA2BBAF229022A000AFBB7D /* bottom_home_btn.png in Resources */,
				8BA2BBCC229022A000AFBB7D /* weight.png in Resources */,
				8BF550B022C25C93004E9D93 /* bg.jpg in Resources */,
				8BA2BBCB229022A000AFBB7D /* warrior.png in Resources */,
				8BA2BBBB229022A000AFBB7D /* empty_btn.png in Resources */,
				8BA2BBC6229022A000AFBB7D /* meditation.png in Resources */,
				8BA2BBAE229022A000AFBB7D /* blank_avatar.png in Resources */,
			);
			runOnlyForDeploymentPostprocessing = 0;
		};
/* End PBXResourcesBuildPhase section */

/* Begin PBXShellScriptBuildPhase section */
		2809D5A48F32ADC1672DA498 /* [CP] Check Pods Manifest.lock */ = {
			isa = PBXShellScriptBuildPhase;
			buildActionMask = 2147483647;
			files = (
			);
			inputFileListPaths = (
			);
			inputPaths = (
				"${PODS_PODFILE_DIR_PATH}/Podfile.lock",
				"${PODS_ROOT}/Manifest.lock",
			);
			name = "[CP] Check Pods Manifest.lock";
			outputFileListPaths = (
			);
			outputPaths = (
				"$(DERIVED_FILE_DIR)/Pods-Integrated-checkManifestLockResult.txt",
			);
			runOnlyForDeploymentPostprocessing = 0;
			shellPath = /bin/sh;
			shellScript = "diff \"${PODS_PODFILE_DIR_PATH}/Podfile.lock\" \"${PODS_ROOT}/Manifest.lock\" > /dev/null\nif [ $? != 0 ] ; then\n    # print error to STDERR\n    echo \"error: The sandbox is not in sync with the Podfile.lock. Run 'pod install' or update your CocoaPods installation.\" >&2\n    exit 1\nfi\n# This output is used by Xcode 'outputs' to avoid re-running this script phase.\necho \"SUCCESS\" > \"${SCRIPT_OUTPUT_FILE_0}\"\n";
			showEnvVarsInLog = 0;
		};
		94692705943325275932A58B /* [CP] Embed Pods Frameworks */ = {
			isa = PBXShellScriptBuildPhase;
			buildActionMask = 2147483647;
			files = (
			);
			inputFileListPaths = (
				"${PODS_ROOT}/Target Support Files/Pods-Integrated/Pods-Integrated-frameworks-${CONFIGURATION}-input-files.xcfilelist",
			);
			name = "[CP] Embed Pods Frameworks";
			outputFileListPaths = (
				"${PODS_ROOT}/Target Support Files/Pods-Integrated/Pods-Integrated-frameworks-${CONFIGURATION}-output-files.xcfilelist",
			);
			runOnlyForDeploymentPostprocessing = 0;
			shellPath = /bin/sh;
			shellScript = "\"${PODS_ROOT}/Target Support Files/Pods-Integrated/Pods-Integrated-frameworks.sh\"\n";
			showEnvVarsInLog = 0;
		};
/* End PBXShellScriptBuildPhase section */

/* Begin PBXSourcesBuildPhase section */
		8B874CBD228EEDD800C856D0 /* Sources */ = {
			isa = PBXSourcesBuildPhase;
			buildActionMask = 2147483647;
			files = (
				8B616AD82292509100A20E1E /* NutrientCalculator.swift in Sources */,
				8B496E8222A6B3A700234EEC /* LBZSpinner.swift in Sources */,
				8BF550B522C2811A004E9D93 /* Food.swift in Sources */,
				8BF550B922C28C0B004E9D93 /* HomeViewController.swift in Sources */,
				8B5006AB22A530CB00C7991C /* KNCirclePercentView.m in Sources */,
				8B874CC5228EEDD800C856D0 /* AppDelegate.swift in Sources */,
				8B0C995022917E1C00D913F9 /* ApiManager.swift in Sources */,
				8BFA80FA2293147D00F424A6 /* CustomButton.swift in Sources */,
				8B5006AC22A530CB00C7991C /* KNPercentLabel.m in Sources */,
				8BF550BB22C2900C004E9D93 /* GraphViewController.swift in Sources */,
				8B5EEABB22A61560007BEAF4 /* DALinedTextView.m in Sources */,
				8BFA80FC229317B000F424A6 /* RoundTextField.swift in Sources */,
				8BFA80E92292FE9400F424A6 /* DateHelper.swift in Sources */,
				8BF550B722C286F6004E9D93 /* HelpViewController.swift in Sources */,
				8B0D77BF2292CD870027773E /* UIColor+Extension.swift in Sources */,
				8B616ADA2292676400A20E1E /* Helper.swift in Sources */,
				8B0C994E2291748900D913F9 /* UnitHelper.swift in Sources */,
				8B50449D2292B968004F5DE5 /* DietaryManager.swift in Sources */,
			);
			runOnlyForDeploymentPostprocessing = 0;
		};
/* End PBXSourcesBuildPhase section */

/* Begin PBXVariantGroup section */
		8B874CCD228EEDDA00C856D0 /* LaunchScreen.storyboard */ = {
			isa = PBXVariantGroup;
			children = (
				8B874CCE228EEDDA00C856D0 /* Base */,
			);
			name = LaunchScreen.storyboard;
			sourceTree = "<group>";
		};
/* End PBXVariantGroup section */

/* Begin XCBuildConfiguration section */
		8B874CD1228EEDDA00C856D0 /* Debug */ = {
			isa = XCBuildConfiguration;
			buildSettings = {
				ALWAYS_SEARCH_USER_PATHS = NO;
				CLANG_ANALYZER_NONNULL = YES;
				CLANG_ANALYZER_NUMBER_OBJECT_CONVERSION = YES_AGGRESSIVE;
				CLANG_CXX_LANGUAGE_STANDARD = "gnu++14";
				CLANG_CXX_LIBRARY = "libc++";
				CLANG_ENABLE_MODULES = YES;
				CLANG_ENABLE_OBJC_ARC = YES;
				CLANG_ENABLE_OBJC_WEAK = YES;
				CLANG_WARN_BLOCK_CAPTURE_AUTORELEASING = YES;
				CLANG_WARN_BOOL_CONVERSION = YES;
				CLANG_WARN_COMMA = YES;
				CLANG_WARN_CONSTANT_CONVERSION = YES;
				CLANG_WARN_DEPRECATED_OBJC_IMPLEMENTATIONS = YES;
				CLANG_WARN_DIRECT_OBJC_ISA_USAGE = YES_ERROR;
				CLANG_WARN_DOCUMENTATION_COMMENTS = YES;
				CLANG_WARN_EMPTY_BODY = YES;
				CLANG_WARN_ENUM_CONVERSION = YES;
				CLANG_WARN_INFINITE_RECURSION = YES;
				CLANG_WARN_INT_CONVERSION = YES;
				CLANG_WARN_NON_LITERAL_NULL_CONVERSION = YES;
				CLANG_WARN_OBJC_IMPLICIT_RETAIN_SELF = YES;
				CLANG_WARN_OBJC_LITERAL_CONVERSION = YES;
				CLANG_WARN_OBJC_ROOT_CLASS = YES_ERROR;
				CLANG_WARN_RANGE_LOOP_ANALYSIS = YES;
				CLANG_WARN_STRICT_PROTOTYPES = YES;
				CLANG_WARN_SUSPICIOUS_MOVE = YES;
				CLANG_WARN_UNGUARDED_AVAILABILITY = YES_AGGRESSIVE;
				CLANG_WARN_UNREACHABLE_CODE = YES;
				CLANG_WARN__DUPLICATE_METHOD_MATCH = YES;
				CODE_SIGN_IDENTITY = "iPhone Developer";
				COPY_PHASE_STRIP = NO;
				DEBUG_INFORMATION_FORMAT = dwarf;
				ENABLE_STRICT_OBJC_MSGSEND = YES;
				ENABLE_TESTABILITY = YES;
				GCC_C_LANGUAGE_STANDARD = gnu11;
				GCC_DYNAMIC_NO_PIC = NO;
				GCC_NO_COMMON_BLOCKS = YES;
				GCC_OPTIMIZATION_LEVEL = 0;
				GCC_PREPROCESSOR_DEFINITIONS = (
					"DEBUG=1",
					"$(inherited)",
				);
				GCC_WARN_64_TO_32_BIT_CONVERSION = YES;
				GCC_WARN_ABOUT_RETURN_TYPE = YES_ERROR;
				GCC_WARN_UNDECLARED_SELECTOR = YES;
				GCC_WARN_UNINITIALIZED_AUTOS = YES_AGGRESSIVE;
				GCC_WARN_UNUSED_FUNCTION = YES;
				GCC_WARN_UNUSED_VARIABLE = YES;
				IPHONEOS_DEPLOYMENT_TARGET = 9.0;
				MTL_ENABLE_DEBUG_INFO = INCLUDE_SOURCE;
				MTL_FAST_MATH = YES;
				ONLY_ACTIVE_ARCH = YES;
				SDKROOT = iphoneos;
				SWIFT_ACTIVE_COMPILATION_CONDITIONS = DEBUG;
				SWIFT_OPTIMIZATION_LEVEL = "-Onone";
			};
			name = Debug;
		};
		8B874CD2228EEDDA00C856D0 /* Release */ = {
			isa = XCBuildConfiguration;
			buildSettings = {
				ALWAYS_SEARCH_USER_PATHS = NO;
				CLANG_ANALYZER_NONNULL = YES;
				CLANG_ANALYZER_NUMBER_OBJECT_CONVERSION = YES_AGGRESSIVE;
				CLANG_CXX_LANGUAGE_STANDARD = "gnu++14";
				CLANG_CXX_LIBRARY = "libc++";
				CLANG_ENABLE_MODULES = YES;
				CLANG_ENABLE_OBJC_ARC = YES;
				CLANG_ENABLE_OBJC_WEAK = YES;
				CLANG_WARN_BLOCK_CAPTURE_AUTORELEASING = YES;
				CLANG_WARN_BOOL_CONVERSION = YES;
				CLANG_WARN_COMMA = YES;
				CLANG_WARN_CONSTANT_CONVERSION = YES;
				CLANG_WARN_DEPRECATED_OBJC_IMPLEMENTATIONS = YES;
				CLANG_WARN_DIRECT_OBJC_ISA_USAGE = YES_ERROR;
				CLANG_WARN_DOCUMENTATION_COMMENTS = YES;
				CLANG_WARN_EMPTY_BODY = YES;
				CLANG_WARN_ENUM_CONVERSION = YES;
				CLANG_WARN_INFINITE_RECURSION = YES;
				CLANG_WARN_INT_CONVERSION = YES;
				CLANG_WARN_NON_LITERAL_NULL_CONVERSION = YES;
				CLANG_WARN_OBJC_IMPLICIT_RETAIN_SELF = YES;
				CLANG_WARN_OBJC_LITERAL_CONVERSION = YES;
				CLANG_WARN_OBJC_ROOT_CLASS = YES_ERROR;
				CLANG_WARN_RANGE_LOOP_ANALYSIS = YES;
				CLANG_WARN_STRICT_PROTOTYPES = YES;
				CLANG_WARN_SUSPICIOUS_MOVE = YES;
				CLANG_WARN_UNGUARDED_AVAILABILITY = YES_AGGRESSIVE;
				CLANG_WARN_UNREACHABLE_CODE = YES;
				CLANG_WARN__DUPLICATE_METHOD_MATCH = YES;
				CODE_SIGN_IDENTITY = "iPhone Developer";
				COPY_PHASE_STRIP = NO;
				DEBUG_INFORMATION_FORMAT = "dwarf-with-dsym";
				ENABLE_NS_ASSERTIONS = NO;
				ENABLE_STRICT_OBJC_MSGSEND = YES;
				GCC_C_LANGUAGE_STANDARD = gnu11;
				GCC_NO_COMMON_BLOCKS = YES;
				GCC_WARN_64_TO_32_BIT_CONVERSION = YES;
				GCC_WARN_ABOUT_RETURN_TYPE = YES_ERROR;
				GCC_WARN_UNDECLARED_SELECTOR = YES;
				GCC_WARN_UNINITIALIZED_AUTOS = YES_AGGRESSIVE;
				GCC_WARN_UNUSED_FUNCTION = YES;
				GCC_WARN_UNUSED_VARIABLE = YES;
				IPHONEOS_DEPLOYMENT_TARGET = 9.0;
				MTL_ENABLE_DEBUG_INFO = NO;
				MTL_FAST_MATH = YES;
				SDKROOT = iphoneos;
				SWIFT_COMPILATION_MODE = wholemodule;
				SWIFT_OPTIMIZATION_LEVEL = "-O";
				VALIDATE_PRODUCT = YES;
			};
			name = Release;
		};
		8B874CD4228EEDDA00C856D0 /* Debug */ = {
			isa = XCBuildConfiguration;
			baseConfigurationReference = 69F4D375044529081DD05892 /* Pods-Integrated.debug.xcconfig */;
			buildSettings = {
				ASSETCATALOG_COMPILER_APPICON_NAME = AppIcon;
				CODE_SIGN_IDENTITY = "iPhone Developer";
				CODE_SIGN_STYLE = Automatic;
				DEVELOPMENT_TEAM = VV2M8BL2XR;
				INFOPLIST_FILE = Integrated/Info.plist;
				IPHONEOS_DEPLOYMENT_TARGET = 10.0;
				LD_RUNPATH_SEARCH_PATHS = (
					"$(inherited)",
					"@executable_path/Frameworks",
				);
				PRODUCT_BUNDLE_IDENTIFIER = com.yuan.nutrientcalculator;
				PRODUCT_NAME = "$(TARGET_NAME)";
				PROVISIONING_PROFILE_SPECIFIER = "";
				SWIFT_OBJC_BRIDGING_HEADER = "$(SRCROOT)/Integrated/Integrated-Bridging-Header.h";
				SWIFT_VERSION = 4.0;
				TARGETED_DEVICE_FAMILY = 1;
			};
			name = Debug;
		};
		8B874CD5228EEDDA00C856D0 /* Release */ = {
			isa = XCBuildConfiguration;
			baseConfigurationReference = 55ADAFBB74D147837D293079 /* Pods-Integrated.release.xcconfig */;
			buildSettings = {
				ASSETCATALOG_COMPILER_APPICON_NAME = AppIcon;
				CODE_SIGN_IDENTITY = "iPhone Developer";
				CODE_SIGN_STYLE = Automatic;
				DEVELOPMENT_TEAM = VV2M8BL2XR;
				INFOPLIST_FILE = Integrated/Info.plist;
				IPHONEOS_DEPLOYMENT_TARGET = 10.0;
				LD_RUNPATH_SEARCH_PATHS = (
					"$(inherited)",
					"@executable_path/Frameworks",
				);
				PRODUCT_BUNDLE_IDENTIFIER = com.yuan.nutrientcalculator;
				PRODUCT_NAME = "$(TARGET_NAME)";
				PROVISIONING_PROFILE_SPECIFIER = "";
				SWIFT_OBJC_BRIDGING_HEADER = "$(SRCROOT)/Integrated/Integrated-Bridging-Header.h";
				SWIFT_VERSION = 4.0;
				TARGETED_DEVICE_FAMILY = 1;
			};
			name = Release;
		};
/* End XCBuildConfiguration section */

/* Begin XCConfigurationList section */
		8B874CBC228EEDD800C856D0 /* Build configuration list for PBXProject "Integrated" */ = {
			isa = XCConfigurationList;
			buildConfigurations = (
				8B874CD1228EEDDA00C856D0 /* Debug */,
				8B874CD2228EEDDA00C856D0 /* Release */,
			);
			defaultConfigurationIsVisible = 0;
			defaultConfigurationName = Release;
		};
		8B874CD3228EEDDA00C856D0 /* Build configuration list for PBXNativeTarget "Integrated" */ = {
			isa = XCConfigurationList;
			buildConfigurations = (
				8B874CD4228EEDDA00C856D0 /* Debug */,
				8B874CD5228EEDDA00C856D0 /* Release */,
			);
			defaultConfigurationIsVisible = 0;
			defaultConfigurationName = Release;
		};
/* End XCConfigurationList section */
	};
	rootObject = 8B874CB9228EEDD800C856D0 /* Project object */;
}
